
Microsoft Visual Studio Solution File, Format Version 12.00
# Visual Studio 15
VisualStudioVersion = 15.0.28307.572
MinimumVisualStudioVersion = 10.0.40219.1
Project("{FAE04EC0-301F-11D3-BF4B-00C04F79EFBC}") = "Exercise2_050_AdelinaYogaEkaSafira", "Exercise2_050_AdelinaYogaEkaSafira\Exercise2_050_AdelinaYogaEkaSafira.csproj", "{6F722C50-E971-4935-86DF-79480FAF3151}"
	ProjectSection(ProjectDependencies) = postProject
		{14051D42-FC24-4CA4-971D-ADC6909300A4} = {14051D42-FC24-4CA4-971D-ADC6909300A4}
	EndProjectSection
EndProject
Project("{FAE04EC0-301F-11D3-BF4B-00C04F79EFBC}") = "Service_050_AdelinaYogaEkaSafira", "Service_050_AdelinaYogaEkaSafira\Service_050_AdelinaYogaEkaSafira.csproj", "{14051D42-FC24-4CA4-971D-ADC6909300A4}"
EndProject
Project("{FAE04EC0-301F-11D3-BF4B-00C04F79EFBC}") = "Server_050_AdelinaYogaEkaSafira", "Server_050_AdelinaYogaEkaSafira\Server_050_AdelinaYogaEkaSafira.csproj", "{FA2FA99A-00A3-40E1-A6B1-9576F8BED708}"
EndProject
Global
	GlobalSection(SolutionConfigurationPlatforms) = preSolution
		Debug|Any CPU = Debug|Any CPU
		Release|Any CPU = Release|Any CPU
	EndGlobalSection
	GlobalSection(ProjectConfigurationPlatforms) = postSolution
		{6F722C50-E971-4935-86DF-79480FAF3151}.Debug|Any CPU.ActiveCfg = Debug|Any CPU
		{6F722C50-E971-4935-86DF-79480FAF3151}.Debug|Any CPU.Build.0 = Debug|Any CPU
		{6F722C50-E971-4935-86DF-79480FAF3151}.Release|Any CPU.ActiveCfg = Release|Any CPU
		{6F722C50-E971-4935-86DF-79480FAF3151}.Release|Any CPU.Build.0 = Release|Any CPU
		{14051D42-FC24-4CA4-971D-ADC6909300A4}.Debug|Any CPU.ActiveCfg = Debug|Any CPU
		{14051D42-FC24-4CA4-971D-ADC6909300A4}.Debug|Any CPU.Build.0 = Debug|Any CPU
		{14051D42-FC24-4CA4-971D-ADC6909300A4}.Release|Any CPU.ActiveCfg = Release|Any CPU
		{14051D42-FC24-4CA4-971D-ADC6909300A4}.Release|Any CPU.Build.0 = Release|Any CPU
		{FA2FA99A-00A3-40E1-A6B1-9576F8BED708}.Debug|Any CPU.ActiveCfg = Debug|Any CPU
		{FA2FA99A-00A3-40E1-A6B1-9576F8BED708}.Debug|Any CPU.Build.0 = Debug|Any CPU
		{FA2FA99A-00A3-40E1-A6B1-9576F8BED708}.Release|Any CPU.ActiveCfg = Release|Any CPU
		{FA2FA99A-00A3-40E1-A6B1-9576F8BED708}.Release|Any CPU.Build.0 = Release|Any CPU
	EndGlobalSection
	GlobalSection(SolutionProperties) = preSolution
		HideSolutionNode = FALSE
	EndGlobalSection
	GlobalSection(ExtensibilityGlobals) = postSolution
		SolutionGuid = {E5DED942-3187-4020-AEED-B8D567502722}
	EndGlobalSection
EndGlobal
